// !$*UTF8*$!
{
	archiveVersion = 1;
	classes = {
	};
	objectVersion = 46;
	objects = {

/* Begin PBXBuildFile section */
		E299702B1BD6AFF400F679B1 /* PlaySoundsViewController.swift in Sources */ = {isa = PBXBuildFile; fileRef = E299702A1BD6AFF400F679B1 /* PlaySoundsViewController.swift */; settings = {ASSET_TAGS = (); }; };
		E2C2A35F1BDF5D0300100394 /* AudioEngineHelper.swift in Sources */ = {isa = PBXBuildFile; fileRef = E2C2A35E1BDF5D0300100394 /* AudioEngineHelper.swift */; settings = {ASSET_TAGS = (); }; };
		E2C2A3611BDF6B9E00100394 /* RecordState.swift in Sources */ = {isa = PBXBuildFile; fileRef = E2C2A3601BDF6B9E00100394 /* RecordState.swift */; settings = {ASSET_TAGS = (); }; };
		E2E50FDA1BD6289800FDCD31 /* AppDelegate.swift in Sources */ = {isa = PBXBuildFile; fileRef = E2E50FD91BD6289800FDCD31 /* AppDelegate.swift */; };
		E2E50FDC1BD6289800FDCD31 /* RecordSoundsViewController.swift in Sources */ = {isa = PBXBuildFile; fileRef = E2E50FDB1BD6289800FDCD31 /* RecordSoundsViewController.swift */; };
		E2E50FDF1BD6289800FDCD31 /* Main.storyboard in Resources */ = {isa = PBXBuildFile; fileRef = E2E50FDD1BD6289800FDCD31 /* Main.storyboard */; };
		E2E50FE11BD6289800FDCD31 /* Assets.xcassets in Resources */ = {isa = PBXBuildFile; fileRef = E2E50FE01BD6289800FDCD31 /* Assets.xcassets */; };
		E2E50FE41BD6289800FDCD31 /* LaunchScreen.storyboard in Resources */ = {isa = PBXBuildFile; fileRef = E2E50FE21BD6289800FDCD31 /* LaunchScreen.storyboard */; };
		E2E50FEE1BD62AE500FDCD31 /* microphone2x-iphone.png in Resources */ = {isa = PBXBuildFile; fileRef = E2E50FEC1BD62AE500FDCD31 /* microphone2x-iphone.png */; settings = {ASSET_TAGS = (); }; };
		E2E50FEF1BD62AE500FDCD31 /* stop2x-iphone.png in Resources */ = {isa = PBXBuildFile; fileRef = E2E50FED1BD62AE500FDCD31 /* stop2x-iphone.png */; settings = {ASSET_TAGS = (); }; };
		E2EBF1991BD8B7B1000C66C1 /* RecordAudioHelper.swift in Sources */ = {isa = PBXBuildFile; fileRef = E2EBF1981BD8B7B1000C66C1 /* RecordAudioHelper.swift */; settings = {ASSET_TAGS = (); }; };
		E2EBF19B1BD8BBD6000C66C1 /* PlayAudioHelper.swift in Sources */ = {isa = PBXBuildFile; fileRef = E2EBF19A1BD8BBD6000C66C1 /* PlayAudioHelper.swift */; settings = {ASSET_TAGS = (); }; };
		E2EBF19E1BD8C036000C66C1 /* PitchPerfectModel.swift in Sources */ = {isa = PBXBuildFile; fileRef = E2EBF19D1BD8C036000C66C1 /* PitchPerfectModel.swift */; settings = {ASSET_TAGS = (); }; };
		E2FB03DB1BD75D0B00B281A5 /* chipmunk2x-iphone.png in Resources */ = {isa = PBXBuildFile; fileRef = E2FB03D51BD75D0B00B281A5 /* chipmunk2x-iphone.png */; settings = {ASSET_TAGS = (); }; };
		E2FB03DC1BD75D0B00B281A5 /* darthvader2x-iphone.png in Resources */ = {isa = PBXBuildFile; fileRef = E2FB03D61BD75D0B00B281A5 /* darthvader2x-iphone.png */; settings = {ASSET_TAGS = (); }; };
		E2FB03DD1BD75D0B00B281A5 /* echo.png in Resources */ = {isa = PBXBuildFile; fileRef = E2FB03D71BD75D0B00B281A5 /* echo.png */; settings = {ASSET_TAGS = (); }; };
		E2FB03DE1BD75D0B00B281A5 /* fast2x-iphone.png in Resources */ = {isa = PBXBuildFile; fileRef = E2FB03D81BD75D0B00B281A5 /* fast2x-iphone.png */; settings = {ASSET_TAGS = (); }; };
		E2FB03DF1BD75D0B00B281A5 /* reverb.png in Resources */ = {isa = PBXBuildFile; fileRef = E2FB03D91BD75D0B00B281A5 /* reverb.png */; settings = {ASSET_TAGS = (); }; };
		E2FB03E01BD75D0B00B281A5 /* slow2x-iphone.png in Resources */ = {isa = PBXBuildFile; fileRef = E2FB03DA1BD75D0B00B281A5 /* slow2x-iphone.png */; settings = {ASSET_TAGS = (); }; };
		E2FB03E21BD7782400B281A5 /* AudioHelper.swift in Sources */ = {isa = PBXBuildFile; fileRef = E2FB03E11BD7782400B281A5 /* AudioHelper.swift */; settings = {ASSET_TAGS = (); }; };
/* End PBXBuildFile section */

/* Begin PBXFileReference section */
		E299702A1BD6AFF400F679B1 /* PlaySoundsViewController.swift */ = {isa = PBXFileReference; fileEncoding = 4; lastKnownFileType = sourcecode.swift; path = PlaySoundsViewController.swift; sourceTree = "<group>"; };
		E2C2A35E1BDF5D0300100394 /* AudioEngineHelper.swift */ = {isa = PBXFileReference; fileEncoding = 4; lastKnownFileType = sourcecode.swift; path = AudioEngineHelper.swift; sourceTree = "<group>"; };
		E2C2A3601BDF6B9E00100394 /* RecordState.swift */ = {isa = PBXFileReference; fileEncoding = 4; lastKnownFileType = sourcecode.swift; path = RecordState.swift; sourceTree = "<group>"; };
		E2E50FD61BD6289800FDCD31 /* PitchPerfect.app */ = {isa = PBXFileReference; explicitFileType = wrapper.application; includeInIndex = 0; path = PitchPerfect.app; sourceTree = BUILT_PRODUCTS_DIR; };
		E2E50FD91BD6289800FDCD31 /* AppDelegate.swift */ = {isa = PBXFileReference; lastKnownFileType = sourcecode.swift; path = AppDelegate.swift; sourceTree = "<group>"; };
		E2E50FDB1BD6289800FDCD31 /* RecordSoundsViewController.swift */ = {isa = PBXFileReference; lastKnownFileType = sourcecode.swift; path = RecordSoundsViewController.swift; sourceTree = "<group>"; };
		E2E50FDE1BD6289800FDCD31 /* Base */ = {isa = PBXFileReference; lastKnownFileType = file.storyboard; name = Base; path = Base.lproj/Main.storyboard; sourceTree = "<group>"; };
		E2E50FE01BD6289800FDCD31 /* Assets.xcassets */ = {isa = PBXFileReference; lastKnownFileType = folder.assetcatalog; path = Assets.xcassets; sourceTree = "<group>"; };
		E2E50FE31BD6289800FDCD31 /* Base */ = {isa = PBXFileReference; lastKnownFileType = file.storyboard; name = Base; path = Base.lproj/LaunchScreen.storyboard; sourceTree = "<group>"; };
		E2E50FE51BD6289800FDCD31 /* Info.plist */ = {isa = PBXFileReference; lastKnownFileType = text.plist.xml; path = Info.plist; sourceTree = "<group>"; };
		E2E50FEC1BD62AE500FDCD31 /* microphone2x-iphone.png */ = {isa = PBXFileReference; lastKnownFileType = image.png; path = "microphone2x-iphone.png"; sourceTree = "<group>"; };
		E2E50FED1BD62AE500FDCD31 /* stop2x-iphone.png */ = {isa = PBXFileReference; lastKnownFileType = image.png; path = "stop2x-iphone.png"; sourceTree = "<group>"; };
		E2EBF1981BD8B7B1000C66C1 /* RecordAudioHelper.swift */ = {isa = PBXFileReference; fileEncoding = 4; lastKnownFileType = sourcecode.swift; path = RecordAudioHelper.swift; sourceTree = "<group>"; };
		E2EBF19A1BD8BBD6000C66C1 /* PlayAudioHelper.swift */ = {isa = PBXFileReference; fileEncoding = 4; lastKnownFileType = sourcecode.swift; path = PlayAudioHelper.swift; sourceTree = "<group>"; };
		E2EBF19D1BD8C036000C66C1 /* PitchPerfectModel.swift */ = {isa = PBXFileReference; fileEncoding = 4; lastKnownFileType = sourcecode.swift; path = PitchPerfectModel.swift; sourceTree = "<group>"; };
		E2FB03D51BD75D0B00B281A5 /* chipmunk2x-iphone.png */ = {isa = PBXFileReference; lastKnownFileType = image.png; path = "chipmunk2x-iphone.png"; sourceTree = "<group>"; };
		E2FB03D61BD75D0B00B281A5 /* darthvader2x-iphone.png */ = {isa = PBXFileReference; lastKnownFileType = image.png; path = "darthvader2x-iphone.png"; sourceTree = "<group>"; };
		E2FB03D71BD75D0B00B281A5 /* echo.png */ = {isa = PBXFileReference; lastKnownFileType = image.png; path = echo.png; sourceTree = "<group>"; };
		E2FB03D81BD75D0B00B281A5 /* fast2x-iphone.png */ = {isa = PBXFileReference; lastKnownFileType = image.png; path = "fast2x-iphone.png"; sourceTree = "<group>"; };
		E2FB03D91BD75D0B00B281A5 /* reverb.png */ = {isa = PBXFileReference; lastKnownFileType = image.png; path = reverb.png; sourceTree = "<group>"; };
		E2FB03DA1BD75D0B00B281A5 /* slow2x-iphone.png */ = {isa = PBXFileReference; lastKnownFileType = image.png; path = "slow2x-iphone.png"; sourceTree = "<group>"; };
		E2FB03E11BD7782400B281A5 /* AudioHelper.swift */ = {isa = PBXFileReference; fileEncoding = 4; lastKnownFileType = sourcecode.swift; path = AudioHelper.swift; sourceTree = "<group>"; };
/* End PBXFileReference section */

/* Begin PBXFrameworksBuildPhase section */
		E2E50FD31BD6289800FDCD31 /* Frameworks */ = {
			isa = PBXFrameworksBuildPhase;
			buildActionMask = 2147483647;
			files = (
			);
			runOnlyForDeploymentPostprocessing = 0;
		};
/* End PBXFrameworksBuildPhase section */

/* Begin PBXGroup section */
		E2E50FCD1BD6289800FDCD31 = {
			isa = PBXGroup;
			children = (
				E2E50FD81BD6289800FDCD31 /* PitchPerfect */,
				E2E50FD71BD6289800FDCD31 /* Products */,
			);
			sourceTree = "<group>";
		};
		E2E50FD71BD6289800FDCD31 /* Products */ = {
			isa = PBXGroup;
			children = (
				E2E50FD61BD6289800FDCD31 /* PitchPerfect.app */,
			);
			name = Products;
			sourceTree = "<group>";
		};
		E2E50FD81BD6289800FDCD31 /* PitchPerfect */ = {
			isa = PBXGroup;
			children = (
				E2EBF19C1BD8C025000C66C1 /* Models */,
				E2EBF1971BD8B79D000C66C1 /* Helpers */,
				E2EBF1961BD8B78F000C66C1 /* Controllers */,
				E2E50FEB1BD62AC700FDCD31 /* images */,
				E2E50FD91BD6289800FDCD31 /* AppDelegate.swift */,
				E2E50FDD1BD6289800FDCD31 /* Main.storyboard */,
				E2E50FE01BD6289800FDCD31 /* Assets.xcassets */,
				E2E50FE21BD6289800FDCD31 /* LaunchScreen.storyboard */,
				E2E50FE51BD6289800FDCD31 /* Info.plist */,
			);
			path = PitchPerfect;
			sourceTree = "<group>";
		};
		E2E50FEB1BD62AC700FDCD31 /* images */ = {
			isa = PBXGroup;
			children = (
				E2FB03D51BD75D0B00B281A5 /* chipmunk2x-iphone.png */,
				E2FB03D61BD75D0B00B281A5 /* darthvader2x-iphone.png */,
				E2FB03D71BD75D0B00B281A5 /* echo.png */,
				E2FB03D81BD75D0B00B281A5 /* fast2x-iphone.png */,
				E2FB03D91BD75D0B00B281A5 /* reverb.png */,
				E2FB03DA1BD75D0B00B281A5 /* slow2x-iphone.png */,
				E2E50FEC1BD62AE500FDCD31 /* microphone2x-iphone.png */,
				E2E50FED1BD62AE500FDCD31 /* stop2x-iphone.png */,
			);
			name = images;
			sourceTree = "<group>";
		};
		E2EBF1961BD8B78F000C66C1 /* Controllers */ = {
			isa = PBXGroup;
			children = (
				E2E50FDB1BD6289800FDCD31 /* RecordSoundsViewController.swift */,
				E299702A1BD6AFF400F679B1 /* PlaySoundsViewController.swift */,
			);
			name = Controllers;
			sourceTree = "<group>";
		};
		E2EBF1971BD8B79D000C66C1 /* Helpers */ = {
			isa = PBXGroup;
			children = (
				E2FB03E11BD7782400B281A5 /* AudioHelper.swift */,
				E2EBF1981BD8B7B1000C66C1 /* RecordAudioHelper.swift */,
				E2EBF19A1BD8BBD6000C66C1 /* PlayAudioHelper.swift */,
				E2C2A35E1BDF5D0300100394 /* AudioEngineHelper.swift */,
			);
			name = Helpers;
			sourceTree = "<group>";
		};
		E2EBF19C1BD8C025000C66C1 /* Models */ = {
			isa = PBXGroup;
			children = (
				E2EBF19D1BD8C036000C66C1 /* PitchPerfectModel.swift */,
				E2C2A3601BDF6B9E00100394 /* RecordState.swift */,
			);
			name = Models;
			sourceTree = "<group>";
		};
/* End PBXGroup section */

/* Begin PBXNativeTarget section */
		E2E50FD51BD6289800FDCD31 /* PitchPerfect */ = {
			isa = PBXNativeTarget;
			buildConfigurationList = E2E50FE81BD6289800FDCD31 /* Build configuration list for PBXNativeTarget "PitchPerfect" */;
			buildPhases = (
				E2E50FD21BD6289800FDCD31 /* Sources */,
				E2E50FD31BD6289800FDCD31 /* Frameworks */,
				E2E50FD41BD6289800FDCD31 /* Resources */,
			);
			buildRules = (
			);
			dependencies = (
			);
			name = PitchPerfect;
			productName = PitchPerfect;
			productReference = E2E50FD61BD6289800FDCD31 /* PitchPerfect.app */;
			productType = "com.apple.product-type.application";
		};
/* End PBXNativeTarget section */

/* Begin PBXProject section */
		E2E50FCE1BD6289800FDCD31 /* Project object */ = {
			isa = PBXProject;
			attributes = {
				LastUpgradeCheck = 0700;
				ORGANIZATIONNAME = "Max Saienko";
				TargetAttributes = {
					E2E50FD51BD6289800FDCD31 = {
						CreatedOnToolsVersion = 7.0.1;
					};
				};
			};
			buildConfigurationList = E2E50FD11BD6289800FDCD31 /* Build configuration list for PBXProject "PitchPerfect" */;
			compatibilityVersion = "Xcode 3.2";
			developmentRegion = English;
			hasScannedForEncodings = 0;
			knownRegions = (
				en,
				Base,
			);
			mainGroup = E2E50FCD1BD6289800FDCD31;
			productRefGroup = E2E50FD71BD6289800FDCD31 /* Products */;
			projectDirPath = "";
			projectRoot = "";
			targets = (
				E2E50FD51BD6289800FDCD31 /* PitchPerfect */,
			);
		};
/* End PBXProject section */

/* Begin PBXResourcesBuildPhase section */
		E2E50FD41BD6289800FDCD31 /* Resources */ = {
			isa = PBXResourcesBuildPhase;
			buildActionMask = 2147483647;
			files = (
				E2E50FEE1BD62AE500FDCD31 /* microphone2x-iphone.png in Resources */,
				E2FB03DC1BD75D0B00B281A5 /* darthvader2x-iphone.png in Resources */,
				E2FB03DD1BD75D0B00B281A5 /* echo.png in Resources */,
				E2E50FE41BD6289800FDCD31 /* LaunchScreen.storyboard in Resources */,
				E2E50FEF1BD62AE500FDCD31 /* stop2x-iphone.png in Resources */,
				E2E50FE11BD6289800FDCD31 /* Assets.xcassets in Resources */,
				E2E50FDF1BD6289800FDCD31 /* Main.storyboard in Resources */,
				E2FB03DE1BD75D0B00B281A5 /* fast2x-iphone.png in Resources */,
				E2FB03E01BD75D0B00B281A5 /* slow2x-iphone.png in Resources */,
				E2FB03DB1BD75D0B00B281A5 /* chipmunk2x-iphone.png in Resources */,
				E2FB03DF1BD75D0B00B281A5 /* reverb.png in Resources */,
			);
			runOnlyForDeploymentPostprocessing = 0;
		};
/* End PBXResourcesBuildPhase section */

/* Begin PBXSourcesBuildPhase section */
		E2E50FD21BD6289800FDCD31 /* Sources */ = {
			isa = PBXSourcesBuildPhase;
			buildActionMask = 2147483647;
			files = (
				E2EBF19B1BD8BBD6000C66C1 /* PlayAudioHelper.swift in Sources */,
				E2E50FDC1BD6289800FDCD31 /* RecordSoundsViewController.swift in Sources */,
				E2C2A3611BDF6B9E00100394 /* RecordState.swift in Sources */,
				E2C2A35F1BDF5D0300100394 /* AudioEngineHelper.swift in Sources */,
				E2EBF1991BD8B7B1000C66C1 /* RecordAudioHelper.swift in Sources */,
				E299702B1BD6AFF400F679B1 /* PlaySoundsViewController.swift in Sources */,
				E2EBF19E1BD8C036000C66C1 /* PitchPerfectModel.swift in Sources */,
				E2FB03E21BD7782400B281A5 /* AudioHelper.swift in Sources */,
				E2E50FDA1BD6289800FDCD31 /* AppDelegate.swift in Sources */,
			);
			runOnlyForDeploymentPostprocessing = 0;
		};
/* End PBXSourcesBuildPhase section */

/* Begin PBXVariantGroup section */
		E2E50FDD1BD6289800FDCD31 /* Main.storyboard */ = {
			isa = PBXVariantGroup;
			children = (
				E2E50FDE1BD6289800FDCD31 /* Base */,
			);
			name = Main.storyboard;
			sourceTree = "<group>";
		};
		E2E50FE21BD6289800FDCD31 /* LaunchScreen.storyboard */ = {
			isa = PBXVariantGroup;
			children = (
				E2E50FE31BD6289800FDCD31 /* Base */,
			);
			name = LaunchScreen.storyboard;
			sourceTree = "<group>";
		};
/* End PBXVariantGroup section */

/* Begin XCBuildConfiguration section */
		E2E50FE61BD6289800FDCD31 /* Debug */ = {
			isa = XCBuildConfiguration;
			buildSettings = {
				ALWAYS_SEARCH_USER_PATHS = NO;
				CLANG_CXX_LANGUAGE_STANDARD = "gnu++0x";
				CLANG_CXX_LIBRARY = "libc++";
				CLANG_ENABLE_MODULES = YES;
				CLANG_ENABLE_OBJC_ARC = YES;
				CLANG_WARN_BOOL_CONVERSION = YES;
				CLANG_WARN_CONSTANT_CONVERSION = YES;
				CLANG_WARN_DIRECT_OBJC_ISA_USAGE = YES_ERROR;
				CLANG_WARN_EMPTY_BODY = YES;
				CLANG_WARN_ENUM_CONVERSION = YES;
				CLANG_WARN_INT_CONVERSION = YES;
				CLANG_WARN_OBJC_ROOT_CLASS = YES_ERROR;
				CLANG_WARN_UNREACHABLE_CODE = YES;
				CLANG_WARN__DUPLICATE_METHOD_MATCH = YES;
				"CODE_SIGN_IDENTITY[sdk=iphoneos*]" = "iPhone Developer";
				COPY_PHASE_STRIP = NO;
				DEBUG_INFORMATION_FORMAT = dwarf;
				ENABLE_STRICT_OBJC_MSGSEND = YES;
				ENABLE_TESTABILITY = YES;
				GCC_C_LANGUAGE_STANDARD = gnu99;
				GCC_DYNAMIC_NO_PIC = NO;
				GCC_NO_COMMON_BLOCKS = YES;
				GCC_OPTIMIZATION_LEVEL = 0;
				GCC_PREPROCESSOR_DEFINITIONS = (
					"DEBUG=1",
					"$(inherited)",
				);
				GCC_WARN_64_TO_32_BIT_CONVERSION = YES;
				GCC_WARN_ABOUT_RETURN_TYPE = YES_ERROR;
				GCC_WARN_UNDECLARED_SELECTOR = YES;
				GCC_WARN_UNINITIALIZED_AUTOS = YES_AGGRESSIVE;
				GCC_WARN_UNUSED_FUNCTION = YES;
				GCC_WARN_UNUSED_VARIABLE = YES;
				IPHONEOS_DEPLOYMENT_TARGET = 9.0;
				MTL_ENABLE_DEBUG_INFO = YES;
				ONLY_ACTIVE_ARCH = YES;
				SDKROOT = iphoneos;
				SWIFT_OPTIMIZATION_LEVEL = "-Onone";
			};
			name = Debug;
		};
		E2E50FE71BD6289800FDCD31 /* Release */ = {
			isa = XCBuildConfiguration;
			buildSettings = {
				ALWAYS_SEARCH_USER_PATHS = NO;
				CLANG_CXX_LANGUAGE_STANDARD = "gnu++0x";
				CLANG_CXX_LIBRARY = "libc++";
				CLANG_ENABLE_MODULES = YES;
				CLANG_ENABLE_OBJC_ARC = YES;
				CLANG_WARN_BOOL_CONVERSION = YES;
				CLANG_WARN_CONSTANT_CONVERSION = YES;
				CLANG_WARN_DIRECT_OBJC_ISA_USAGE = YES_ERROR;
				CLANG_WARN_EMPTY_BODY = YES;
				CLANG_WARN_ENUM_CONVERSION = YES;
				CLANG_WARN_INT_CONVERSION = YES;
				CLANG_WARN_OBJC_ROOT_CLASS = YES_ERROR;
				CLANG_WARN_UNREACHABLE_CODE = YES;
				CLANG_WARN__DUPLICATE_METHOD_MATCH = YES;
				"CODE_SIGN_IDENTITY[sdk=iphoneos*]" = "iPhone Developer";
				COPY_PHASE_STRIP = NO;
				DEBUG_INFORMATION_FORMAT = "dwarf-with-dsym";
				ENABLE_NS_ASSERTIONS = NO;
				ENABLE_STRICT_OBJC_MSGSEND = YES;
				GCC_C_LANGUAGE_STANDARD = gnu99;
				GCC_NO_COMMON_BLOCKS = YES;
				GCC_WARN_64_TO_32_BIT_CONVERSION = YES;
				GCC_WARN_ABOUT_RETURN_TYPE = YES_ERROR;
				GCC_WARN_UNDECLARED_SELECTOR = YES;
				GCC_WARN_UNINITIALIZED_AUTOS = YES_AGGRESSIVE;
				GCC_WARN_UNUSED_FUNCTION = YES;
				GCC_WARN_UNUSED_VARIABLE = YES;
				IPHONEOS_DEPLOYMENT_TARGET = 9.0;
				MTL_ENABLE_DEBUG_INFO = NO;
				SDKROOT = iphoneos;
				VALIDATE_PRODUCT = YES;
			};
			name = Release;
		};
		E2E50FE91BD6289800FDCD31 /* Debug */ = {
			isa = XCBuildConfiguration;
			buildSettings = {
				ASSETCATALOG_COMPILER_APPICON_NAME = AppIcon;
				INFOPLIST_FILE = PitchPerfect/Info.plist;
				LD_RUNPATH_SEARCH_PATHS = "$(inherited) @executable_path/Frameworks";
				PRODUCT_BUNDLE_IDENTIFIER = com.nanoDegree.PitchPerfect;
				PRODUCT_NAME = "$(TARGET_NAME)";
			};
			name = Debug;
		};
		E2E50FEA1BD6289800FDCD31 /* Release */ = {
			isa = XCBuildConfiguration;
			buildSettings = {
				ASSETCATALOG_COMPILER_APPICON_NAME = AppIcon;
				INFOPLIST_FILE = PitchPerfect/Info.plist;
				LD_RUNPATH_SEARCH_PATHS = "$(inherited) @executable_path/Frameworks";
				PRODUCT_BUNDLE_IDENTIFIER = com.nanoDegree.PitchPerfect;
				PRODUCT_NAME = "$(TARGET_NAME)";
			};
			name = Release;
		};
/* End XCBuildConfiguration section */

/* Begin XCConfigurationList section */
		E2E50FD11BD6289800FDCD31 /* Build configuration list for PBXProject "PitchPerfect" */ = {
			isa = XCConfigurationList;
			buildConfigurations = (
				E2E50FE61BD6289800FDCD31 /* Debug */,
				E2E50FE71BD6289800FDCD31 /* Release */,
			);
			defaultConfigurationIsVisible = 0;
			defaultConfigurationName = Release;
		};
		E2E50FE81BD6289800FDCD31 /* Build configuration list for PBXNativeTarget "PitchPerfect" */ = {
			isa = XCConfigurationList;
			buildConfigurations = (
				E2E50FE91BD6289800FDCD31 /* Debug */,
				E2E50FEA1BD6289800FDCD31 /* Release */,
			);
			defaultConfigurationIsVisible = 0;
			defaultConfigurationName = Release;
		};
/* End XCConfigurationList section */
	};
	rootObject = E2E50FCE1BD6289800FDCD31 /* Project object */;
}
